
Microsoft Visual Studio Solution File, Format Version 12.00
# Visual Studio 15
VisualStudioVersion = 15.0.28307.1022
MinimumVisualStudioVersion = 10.0.40219.1
Project("{FAE04EC0-301F-11D3-BF4B-00C04F79EFBC}") = "CoronavirusApp", "CoronavirusApp\CoronavirusApp.csproj", "{54261762-9011-4E9D-A2B0-F4FAE3C81B75}"
EndProject
Global
	GlobalSection(SolutionConfigurationPlatforms) = preSolution
		Debug|Any CPU = Debug|Any CPU
		Release|Any CPU = Release|Any CPU
	EndGlobalSection
	GlobalSection(ProjectConfigurationPlatforms) = postSolution
		{54261762-9011-4E9D-A2B0-F4FAE3C81B75}.Debug|Any CPU.ActiveCfg = Debug|Any CPU
		{54261762-9011-4E9D-A2B0-F4FAE3C81B75}.Debug|Any CPU.Build.0 = Debug|Any CPU
		{54261762-9011-4E9D-A2B0-F4FAE3C81B75}.Release|Any CPU.ActiveCfg = Release|Any CPU
		{54261762-9011-4E9D-A2B0-F4FAE3C81B75}.Release|Any CPU.Build.0 = Release|Any CPU
	EndGlobalSection
	GlobalSection(SolutionProperties) = preSolution
		HideSolutionNode = FALSE
	EndGlobalSection
	GlobalSection(ExtensibilityGlobals) = postSolution
		SolutionGuid = {2CBBE357-8DAC-42E5-AAEA-867042A5F851}
	EndGlobalSection
EndGlobal
